
Microsoft Visual Studio Solution File, Format Version 12.00
# Visual Studio 15
VisualStudioVersion = 15.0.26430.6
MinimumVisualStudioVersion = 10.0.40219.1
Project("{FAE04EC0-301F-11D3-BF4B-00C04F79EFBC}") = "10Notes", "10Notes\10Notes.csproj", "{FAEC3FD4-2D27-465A-80F9-7A22DB290578}"
EndProject
Global
	GlobalSection(SolutionConfigurationPlatforms) = preSolution
		Debug|ARM = Debug|ARM
		Debug|x64 = Debug|x64
		Debug|x86 = Debug|x86
		Release|ARM = Release|ARM
		Release|x64 = Release|x64
		Release|x86 = Release|x86
	EndGlobalSection
	GlobalSection(ProjectConfigurationPlatforms) = postSolution
		{FAEC3FD4-2D27-465A-80F9-7A22DB290578}.Debug|ARM.ActiveCfg = Debug|ARM
		{FAEC3FD4-2D27-465A-80F9-7A22DB290578}.Debug|ARM.Build.0 = Debug|ARM
		{FAEC3FD4-2D27-465A-80F9-7A22DB290578}.Debug|ARM.Deploy.0 = Debug|ARM
		{FAEC3FD4-2D27-465A-80F9-7A22DB290578}.Debug|x64.ActiveCfg = Debug|x64
		{FAEC3FD4-2D27-465A-80F9-7A22DB290578}.Debug|x64.Build.0 = Debug|x64
		{FAEC3FD4-2D27-465A-80F9-7A22DB290578}.Debug|x64.Deploy.0 = Debug|x64
		{FAEC3FD4-2D27-465A-80F9-7A22DB290578}.Debug|x86.ActiveCfg = Debug|x86
		{FAEC3FD4-2D27-465A-80F9-7A22DB290578}.Debug|x86.Build.0 = Debug|x86
		{FAEC3FD4-2D27-465A-80F9-7A22DB290578}.Debug|x86.Deploy.0 = Debug|x86
		{FAEC3FD4-2D27-465A-80F9-7A22DB290578}.Release|ARM.ActiveCfg = Release|ARM
		{FAEC3FD4-2D27-465A-80F9-7A22DB290578}.Release|ARM.Build.0 = Release|ARM
		{FAEC3FD4-2D27-465A-80F9-7A22DB290578}.Release|ARM.Deploy.0 = Release|ARM
		{FAEC3FD4-2D27-465A-80F9-7A22DB290578}.Release|x64.ActiveCfg = Release|x64
		{FAEC3FD4-2D27-465A-80F9-7A22DB290578}.Release|x64.Build.0 = Release|x64
		{FAEC3FD4-2D27-465A-80F9-7A22DB290578}.Release|x64.Deploy.0 = Release|x64
		{FAEC3FD4-2D27-465A-80F9-7A22DB290578}.Release|x86.ActiveCfg = Release|x86
		{FAEC3FD4-2D27-465A-80F9-7A22DB290578}.Release|x86.Build.0 = Release|x86
		{FAEC3FD4-2D27-465A-80F9-7A22DB290578}.Release|x86.Deploy.0 = Release|x86
	EndGlobalSection
	GlobalSection(SolutionProperties) = preSolution
		HideSolutionNode = FALSE
	EndGlobalSection
EndGlobal
